
Microsoft Visual Studio Solution File, Format Version 12.00
# Visual Studio Version 17
VisualStudioVersion = 17.8.34330.188
MinimumVisualStudioVersion = 10.0.40219.1
Project("{FAE04EC0-301F-11D3-BF4B-00C04F79EFBC}") = "EFDbFirst", "EFDbFirst\EFDbFirst.csproj", "{A6319354-9E08-4178-A660-F57D5BF6581F}"
EndProject
Global
	GlobalSection(SolutionConfigurationPlatforms) = preSolution
		Debug|Any CPU = Debug|Any CPU
		Release|Any CPU = Release|Any CPU
	EndGlobalSection
	GlobalSection(ProjectConfigurationPlatforms) = postSolution
		{A6319354-9E08-4178-A660-F57D5BF6581F}.Debug|Any CPU.ActiveCfg = Debug|Any CPU
		{A6319354-9E08-4178-A660-F57D5BF6581F}.Debug|Any CPU.Build.0 = Debug|Any CPU
		{A6319354-9E08-4178-A660-F57D5BF6581F}.Release|Any CPU.ActiveCfg = Release|Any CPU
		{A6319354-9E08-4178-A660-F57D5BF6581F}.Release|Any CPU.Build.0 = Release|Any CPU
	EndGlobalSection
	GlobalSection(SolutionProperties) = preSolution
		HideSolutionNode = FALSE
	EndGlobalSection
	GlobalSection(ExtensibilityGlobals) = postSolution
		SolutionGuid = {F6208126-DF08-4C0A-82CE-5E4C5DB10E48}
	EndGlobalSection
EndGlobal
